
Microsoft Visual Studio Solution File, Format Version 12.00
# Visual Studio Version 17
VisualStudioVersion = 17.4.33213.308
MinimumVisualStudioVersion = 10.0.40219.1
Project("{FAE04EC0-301F-11D3-BF4B-00C04F79EFBC}") = "COMP003A.Assignment1", "COMP003A.Assignment1\COMP003A.Assignment1.csproj", "{AAD0F1F5-0A13-4602-B2F4-6F9EE195F619}"
EndProject
Global
	GlobalSection(SolutionConfigurationPlatforms) = preSolution
		Debug|Any CPU = Debug|Any CPU
		Release|Any CPU = Release|Any CPU
	EndGlobalSection
	GlobalSection(ProjectConfigurationPlatforms) = postSolution
		{AAD0F1F5-0A13-4602-B2F4-6F9EE195F619}.Debug|Any CPU.ActiveCfg = Debug|Any CPU
		{AAD0F1F5-0A13-4602-B2F4-6F9EE195F619}.Debug|Any CPU.Build.0 = Debug|Any CPU
		{AAD0F1F5-0A13-4602-B2F4-6F9EE195F619}.Release|Any CPU.ActiveCfg = Release|Any CPU
		{AAD0F1F5-0A13-4602-B2F4-6F9EE195F619}.Release|Any CPU.Build.0 = Release|Any CPU
	EndGlobalSection
	GlobalSection(SolutionProperties) = preSolution
		HideSolutionNode = FALSE
	EndGlobalSection
	GlobalSection(ExtensibilityGlobals) = postSolution
		SolutionGuid = {BC1DD687-77AD-4281-B63F-7730F8AC2906}
	EndGlobalSection
EndGlobal
